
Microsoft Visual Studio Solution File, Format Version 12.00
# Visual Studio Version 16
VisualStudioVersion = 16.0.31911.196
MinimumVisualStudioVersion = 10.0.40219.1
Project("{FAE04EC0-301F-11D3-BF4B-00C04F79EFBC}") = "Hangman", "Hangman\Hangman.csproj", "{C2F3B528-3F26-4303-8B9C-E5D10E51E98A}"
EndProject
Global
	GlobalSection(SolutionConfigurationPlatforms) = preSolution
		Debug|Any CPU = Debug|Any CPU
		Release|Any CPU = Release|Any CPU
	EndGlobalSection
	GlobalSection(ProjectConfigurationPlatforms) = postSolution
		{C2F3B528-3F26-4303-8B9C-E5D10E51E98A}.Debug|Any CPU.ActiveCfg = Debug|Any CPU
		{C2F3B528-3F26-4303-8B9C-E5D10E51E98A}.Debug|Any CPU.Build.0 = Debug|Any CPU
		{C2F3B528-3F26-4303-8B9C-E5D10E51E98A}.Release|Any CPU.ActiveCfg = Release|Any CPU
		{C2F3B528-3F26-4303-8B9C-E5D10E51E98A}.Release|Any CPU.Build.0 = Release|Any CPU
	EndGlobalSection
	GlobalSection(SolutionProperties) = preSolution
		HideSolutionNode = FALSE
	EndGlobalSection
	GlobalSection(ExtensibilityGlobals) = postSolution
		SolutionGuid = {C0C975D3-1229-490B-8CF9-9E6F7B624880}
	EndGlobalSection
EndGlobal
